
Microsoft Visual Studio Solution File, Format Version 12.00
# Visual Studio Version 16
VisualStudioVersion = 16.0.31205.134
MinimumVisualStudioVersion = 10.0.40219.1
Project("{FAE04EC0-301F-11D3-BF4B-00C04F79EFBC}") = "CpuRamGet", "CpuRamGet.csproj", "{DE8BBCED-48F1-4EBE-B15F-05745DE0A10F}"
EndProject
Global
	GlobalSection(SolutionConfigurationPlatforms) = preSolution
		Debug|Any CPU = Debug|Any CPU
		Release|Any CPU = Release|Any CPU
	EndGlobalSection
	GlobalSection(ProjectConfigurationPlatforms) = postSolution
		{DE8BBCED-48F1-4EBE-B15F-05745DE0A10F}.Debug|Any CPU.ActiveCfg = Debug|Any CPU
		{DE8BBCED-48F1-4EBE-B15F-05745DE0A10F}.Debug|Any CPU.Build.0 = Debug|Any CPU
		{DE8BBCED-48F1-4EBE-B15F-05745DE0A10F}.Release|Any CPU.ActiveCfg = Release|Any CPU
		{DE8BBCED-48F1-4EBE-B15F-05745DE0A10F}.Release|Any CPU.Build.0 = Release|Any CPU
	EndGlobalSection
	GlobalSection(SolutionProperties) = preSolution
		HideSolutionNode = FALSE
	EndGlobalSection
	GlobalSection(ExtensibilityGlobals) = postSolution
		SolutionGuid = {07E00201-6467-4F3A-BDA0-5AEBB9AACFB0}
	EndGlobalSection
EndGlobal
